
Microsoft Visual Studio Solution File, Format Version 12.00
# Visual Studio Version 16
VisualStudioVersion = 16.0.33801.447
MinimumVisualStudioVersion = 10.0.40219.1
Project("{FAE04EC0-301F-11D3-BF4B-00C04F79EFBC}") = "SquareApplication", "SquareApplication\SquareApplication.csproj", "{19FD9F51-210A-4433-A710-7FD7F813973E}"
EndProject
Project("{FAE04EC0-301F-11D3-BF4B-00C04F79EFBC}") = "API", "API\API.csproj", "{EF04E12C-A910-40AA-A5C0-3001CBB5A3E1}"
EndProject
Global
	GlobalSection(SolutionConfigurationPlatforms) = preSolution
		Debug|Any CPU = Debug|Any CPU
		Release|Any CPU = Release|Any CPU
	EndGlobalSection
	GlobalSection(ProjectConfigurationPlatforms) = postSolution
		{19FD9F51-210A-4433-A710-7FD7F813973E}.Debug|Any CPU.ActiveCfg = Debug|Any CPU
		{19FD9F51-210A-4433-A710-7FD7F813973E}.Debug|Any CPU.Build.0 = Debug|Any CPU
		{19FD9F51-210A-4433-A710-7FD7F813973E}.Release|Any CPU.ActiveCfg = Release|Any CPU
		{19FD9F51-210A-4433-A710-7FD7F813973E}.Release|Any CPU.Build.0 = Release|Any CPU
		{EF04E12C-A910-40AA-A5C0-3001CBB5A3E1}.Debug|Any CPU.ActiveCfg = Debug|Any CPU
		{EF04E12C-A910-40AA-A5C0-3001CBB5A3E1}.Debug|Any CPU.Build.0 = Debug|Any CPU
		{EF04E12C-A910-40AA-A5C0-3001CBB5A3E1}.Release|Any CPU.ActiveCfg = Release|Any CPU
		{EF04E12C-A910-40AA-A5C0-3001CBB5A3E1}.Release|Any CPU.Build.0 = Release|Any CPU
	EndGlobalSection
	GlobalSection(SolutionProperties) = preSolution
		HideSolutionNode = FALSE
	EndGlobalSection
	GlobalSection(ExtensibilityGlobals) = postSolution
		SolutionGuid = {4073BC05-8838-493D-B689-1D783A8352CD}
	EndGlobalSection
EndGlobal
